
Microsoft Visual Studio Solution File, Format Version 12.00
# Visual Studio Version 17
VisualStudioVersion = 17.0.31903.59
MinimumVisualStudioVersion = 10.0.40219.1
Project("{2150E333-8FDC-42A3-9474-1A3956D46DE8}") = "src", "src", "{A7E83568-1D7D-4E1F-8336-4ACB719B8CD2}"
EndProject
Project("{2150E333-8FDC-42A3-9474-1A3956D46DE8}") = "BuildingBlocks", "BuildingBlocks", "{8340AE37-7CA0-4C77-BDAD-6F2695F1857C}"
EndProject
Project("{FAE04EC0-301F-11D3-BF4B-00C04F79EFBC}") = "TodoApp.Shared.Common", "src\BuildingBlocks\TodoApp.Shared.Common\TodoApp.Shared.Common.csproj", "{14F48421-08B0-40B5-89E7-AEA6471A9DCB}"
EndProject
Project("{FAE04EC0-301F-11D3-BF4B-00C04F79EFBC}") = "TodoApp.Shared.Domain", "src\BuildingBlocks\TodoApp.Shared.Domain\TodoApp.Shared.Domain.csproj", "{A83562B5-3A37-49D7-862A-6C5A19AAA8DF}"
EndProject
Project("{FAE04EC0-301F-11D3-BF4B-00C04F79EFBC}") = "TodoApp.Shared.Infrastructure", "src\BuildingBlocks\TodoApp.Shared.Infrastructure\TodoApp.Shared.Infrastructure.csproj", "{0DA80F03-5823-408F-B4D1-73771D5C8C9E}"
EndProject
Project("{FAE04EC0-301F-11D3-BF4B-00C04F79EFBC}") = "TodoApp.Shared.MessageBus", "src\BuildingBlocks\TodoApp.Shared.MessageBus\TodoApp.Shared.MessageBus.csproj", "{EFD4F38E-5950-47D2-A374-7A6C05EE1961}"
EndProject
Project("{2150E333-8FDC-42A3-9474-1A3956D46DE8}") = "ApiGateway", "ApiGateway", "{9B6CDB6D-4D93-42E7-8298-077951423FF8}"
EndProject
Project("{FAE04EC0-301F-11D3-BF4B-00C04F79EFBC}") = "TodoApp.ApiGateway", "src\ApiGateway\TodoApp.ApiGateway\TodoApp.ApiGateway.csproj", "{6055557C-9E48-4A12-B849-9582CCEE6B9E}"
EndProject
Project("{2150E333-8FDC-42A3-9474-1A3956D46DE8}") = "Services", "Services", "{55DC9D84-DF5D-42EB-A946-098E8AA2624C}"
EndProject
Project("{2150E333-8FDC-42A3-9474-1A3956D46DE8}") = "Identity", "Identity", "{3FC1C776-1376-4409-9D99-373A04C676D4}"
EndProject
Project("{FAE04EC0-301F-11D3-BF4B-00C04F79EFBC}") = "TodoApp.Identity.Api", "src\Services\Identity\TodoApp.Identity.Api\TodoApp.Identity.Api.csproj", "{00B18C58-3DA9-4D12-91A2-BC4F7C1A545A}"
EndProject
Project("{FAE04EC0-301F-11D3-BF4B-00C04F79EFBC}") = "TodoApp.Identity.Application", "src\Services\Identity\TodoApp.Identity.Application\TodoApp.Identity.Application.csproj", "{F2092B1C-A2CD-42AC-950C-28F532161599}"
EndProject
Project("{FAE04EC0-301F-11D3-BF4B-00C04F79EFBC}") = "TodoApp.Identity.Domain", "src\Services\Identity\TodoApp.Identity.Domain\TodoApp.Identity.Domain.csproj", "{D1FD87C9-744A-4493-9585-8B3B66F417D5}"
EndProject
Project("{FAE04EC0-301F-11D3-BF4B-00C04F79EFBC}") = "TodoApp.Identity.Infrastructure", "src\Services\Identity\TodoApp.Identity.Infrastructure\TodoApp.Identity.Infrastructure.csproj", "{B6ED411D-E088-40D5-A0A2-D368CD289680}"
EndProject
Project("{2150E333-8FDC-42A3-9474-1A3956D46DE8}") = "TaskManagement", "TaskManagement", "{8241AB74-1EC4-4B7A-AFFD-34E07889C813}"
EndProject
Project("{FAE04EC0-301F-11D3-BF4B-00C04F79EFBC}") = "TodoApp.TaskManagement.Api", "src\Services\TaskManagement\TodoApp.TaskManagement.Api\TodoApp.TaskManagement.Api.csproj", "{349391F3-54E0-45EB-B7FC-F46175C24C47}"
EndProject
Project("{FAE04EC0-301F-11D3-BF4B-00C04F79EFBC}") = "TodoApp.TaskManagement.Application", "src\Services\TaskManagement\TodoApp.TaskManagement.Application\TodoApp.TaskManagement.Application.csproj", "{5904AD10-0675-413C-9B2A-385889352CCC}"
EndProject
Project("{FAE04EC0-301F-11D3-BF4B-00C04F79EFBC}") = "TodoApp.TaskManagement.Domain", "src\Services\TaskManagement\TodoApp.TaskManagement.Domain\TodoApp.TaskManagement.Domain.csproj", "{BAD5A7CF-C745-4815-B34A-AC33EEF48971}"
EndProject
Project("{FAE04EC0-301F-11D3-BF4B-00C04F79EFBC}") = "TodoApp.TaskManagement.Infrastructure", "src\Services\TaskManagement\TodoApp.TaskManagement.Infrastructure\TodoApp.TaskManagement.Infrastructure.csproj", "{A0A92D9B-E8DF-46E4-BF92-0890AD0FD882}"
EndProject
Project("{2150E333-8FDC-42A3-9474-1A3956D46DE8}") = "Notifications", "Notifications", "{921B47F4-094E-48F9-992C-4EEBE0BAED36}"
EndProject
Project("{FAE04EC0-301F-11D3-BF4B-00C04F79EFBC}") = "TodoApp.Notifications.Api", "src\Services\Notifications\TodoApp.Notifications.Api\TodoApp.Notifications.Api.csproj", "{F84D7FB7-7BC8-4B87-AD07-92AF03816BDC}"
EndProject
Project("{FAE04EC0-301F-11D3-BF4B-00C04F79EFBC}") = "TodoApp.Notifications.Application", "src\Services\Notifications\TodoApp.Notifications.Application\TodoApp.Notifications.Application.csproj", "{2D3579CE-4A9C-49C9-9027-0AF96D4CDB36}"
EndProject
Project("{FAE04EC0-301F-11D3-BF4B-00C04F79EFBC}") = "TodoApp.Notifications.Domain", "src\Services\Notifications\TodoApp.Notifications.Domain\TodoApp.Notifications.Domain.csproj", "{86786146-46C1-4FE0-B939-BADAF2FCBDF0}"
EndProject
Project("{FAE04EC0-301F-11D3-BF4B-00C04F79EFBC}") = "TodoApp.Notifications.Infrastructure", "src\Services\Notifications\TodoApp.Notifications.Infrastructure\TodoApp.Notifications.Infrastructure.csproj", "{5066370F-6566-488C-AA6C-87F54F3D5652}"
EndProject
Project("{2150E333-8FDC-42A3-9474-1A3956D46DE8}") = "tests", "tests", "{908C3ABA-8DBB-4358-BF51-AA630DBBE71D}"
EndProject
Project("{2150E333-8FDC-42A3-9474-1A3956D46DE8}") = "BuildingBlocks", "BuildingBlocks", "{FBE4EDE8-F5C5-4D1C-B4FB-F96D58795BE5}"
EndProject
Project("{FAE04EC0-301F-11D3-BF4B-00C04F79EFBC}") = "TodoApp.Shared.Common.Tests", "tests\BuildingBlocks\TodoApp.Shared.Common.Tests\TodoApp.Shared.Common.Tests.csproj", "{36AED435-DC4B-45E3-BA3B-72135A61BCF1}"
EndProject
Project("{2150E333-8FDC-42A3-9474-1A3956D46DE8}") = "Services", "Services", "{36B6E9DE-CE4E-4788-83E3-3D350DC0D56F}"
EndProject
Project("{2150E333-8FDC-42A3-9474-1A3956D46DE8}") = "Identity", "Identity", "{A9836219-816C-4303-AB26-A49D96525762}"
EndProject
Project("{FAE04EC0-301F-11D3-BF4B-00C04F79EFBC}") = "TodoApp.Identity.UnitTests", "tests\Services\Identity\TodoApp.Identity.UnitTests\TodoApp.Identity.UnitTests.csproj", "{39225115-5EA0-4D6F-9F7E-7468B6132213}"
EndProject
Project("{FAE04EC0-301F-11D3-BF4B-00C04F79EFBC}") = "TodoApp.Identity.IntegrationTests", "tests\Services\Identity\TodoApp.Identity.IntegrationTests\TodoApp.Identity.IntegrationTests.csproj", "{8FBEE506-3FAB-4B3A-811F-493322C254F0}"
EndProject
Project("{2150E333-8FDC-42A3-9474-1A3956D46DE8}") = "TaskManagement", "TaskManagement", "{B56D443B-D595-4F8A-BEE6-AE779BDACE46}"
EndProject
Project("{FAE04EC0-301F-11D3-BF4B-00C04F79EFBC}") = "TodoApp.TaskManagement.UnitTests", "tests\Services\TaskManagement\TodoApp.TaskManagement.UnitTests\TodoApp.TaskManagement.UnitTests.csproj", "{4CC0764E-3A30-4A22-ABD0-DC230D972FD2}"
EndProject
Project("{FAE04EC0-301F-11D3-BF4B-00C04F79EFBC}") = "TodoApp.TaskManagement.IntegrationTests", "tests\Services\TaskManagement\TodoApp.TaskManagement.IntegrationTests\TodoApp.TaskManagement.IntegrationTests.csproj", "{A956638E-7E9C-415D-B3BA-6DF26116C97B}"
EndProject
Project("{2150E333-8FDC-42A3-9474-1A3956D46DE8}") = "Notifications", "Notifications", "{6A47D8C2-B360-4373-A226-BC8E934AFC58}"
EndProject
Project("{FAE04EC0-301F-11D3-BF4B-00C04F79EFBC}") = "TodoApp.Notifications.UnitTests", "tests\Services\Notifications\TodoApp.Notifications.UnitTests\TodoApp.Notifications.UnitTests.csproj", "{DAB1CE87-6A87-457C-8ABF-4A1082F61FCA}"
EndProject
Project("{FAE04EC0-301F-11D3-BF4B-00C04F79EFBC}") = "TodoApp.Notifications.IntegrationTests", "tests\Services\Notifications\TodoApp.Notifications.IntegrationTests\TodoApp.Notifications.IntegrationTests.csproj", "{655C712D-38BF-424E-A022-D7956231F999}"
EndProject
Global
	GlobalSection(SolutionConfigurationPlatforms) = preSolution
		Debug|Any CPU = Debug|Any CPU
		Release|Any CPU = Release|Any CPU
	EndGlobalSection
	GlobalSection(SolutionProperties) = preSolution
		HideSolutionNode = FALSE
	EndGlobalSection
	GlobalSection(ProjectConfigurationPlatforms) = postSolution
		{14F48421-08B0-40B5-89E7-AEA6471A9DCB}.Debug|Any CPU.ActiveCfg = Debug|Any CPU
		{14F48421-08B0-40B5-89E7-AEA6471A9DCB}.Debug|Any CPU.Build.0 = Debug|Any CPU
		{14F48421-08B0-40B5-89E7-AEA6471A9DCB}.Release|Any CPU.ActiveCfg = Release|Any CPU
		{14F48421-08B0-40B5-89E7-AEA6471A9DCB}.Release|Any CPU.Build.0 = Release|Any CPU
		{A83562B5-3A37-49D7-862A-6C5A19AAA8DF}.Debug|Any CPU.ActiveCfg = Debug|Any CPU
		{A83562B5-3A37-49D7-862A-6C5A19AAA8DF}.Debug|Any CPU.Build.0 = Debug|Any CPU
		{A83562B5-3A37-49D7-862A-6C5A19AAA8DF}.Release|Any CPU.ActiveCfg = Release|Any CPU
		{A83562B5-3A37-49D7-862A-6C5A19AAA8DF}.Release|Any CPU.Build.0 = Release|Any CPU
		{0DA80F03-5823-408F-B4D1-73771D5C8C9E}.Debug|Any CPU.ActiveCfg = Debug|Any CPU
		{0DA80F03-5823-408F-B4D1-73771D5C8C9E}.Debug|Any CPU.Build.0 = Debug|Any CPU
		{0DA80F03-5823-408F-B4D1-73771D5C8C9E}.Release|Any CPU.ActiveCfg = Release|Any CPU
		{0DA80F03-5823-408F-B4D1-73771D5C8C9E}.Release|Any CPU.Build.0 = Release|Any CPU
		{EFD4F38E-5950-47D2-A374-7A6C05EE1961}.Debug|Any CPU.ActiveCfg = Debug|Any CPU
		{EFD4F38E-5950-47D2-A374-7A6C05EE1961}.Debug|Any CPU.Build.0 = Debug|Any CPU
		{EFD4F38E-5950-47D2-A374-7A6C05EE1961}.Release|Any CPU.ActiveCfg = Release|Any CPU
		{EFD4F38E-5950-47D2-A374-7A6C05EE1961}.Release|Any CPU.Build.0 = Release|Any CPU
		{6055557C-9E48-4A12-B849-9582CCEE6B9E}.Debug|Any CPU.ActiveCfg = Debug|Any CPU
		{6055557C-9E48-4A12-B849-9582CCEE6B9E}.Debug|Any CPU.Build.0 = Debug|Any CPU
		{6055557C-9E48-4A12-B849-9582CCEE6B9E}.Release|Any CPU.ActiveCfg = Release|Any CPU
		{6055557C-9E48-4A12-B849-9582CCEE6B9E}.Release|Any CPU.Build.0 = Release|Any CPU
		{00B18C58-3DA9-4D12-91A2-BC4F7C1A545A}.Debug|Any CPU.ActiveCfg = Debug|Any CPU
		{00B18C58-3DA9-4D12-91A2-BC4F7C1A545A}.Debug|Any CPU.Build.0 = Debug|Any CPU
		{00B18C58-3DA9-4D12-91A2-BC4F7C1A545A}.Release|Any CPU.ActiveCfg = Release|Any CPU
		{00B18C58-3DA9-4D12-91A2-BC4F7C1A545A}.Release|Any CPU.Build.0 = Release|Any CPU
		{F2092B1C-A2CD-42AC-950C-28F532161599}.Debug|Any CPU.ActiveCfg = Debug|Any CPU
		{F2092B1C-A2CD-42AC-950C-28F532161599}.Debug|Any CPU.Build.0 = Debug|Any CPU
		{F2092B1C-A2CD-42AC-950C-28F532161599}.Release|Any CPU.ActiveCfg = Release|Any CPU
		{F2092B1C-A2CD-42AC-950C-28F532161599}.Release|Any CPU.Build.0 = Release|Any CPU
		{D1FD87C9-744A-4493-9585-8B3B66F417D5}.Debug|Any CPU.ActiveCfg = Debug|Any CPU
		{D1FD87C9-744A-4493-9585-8B3B66F417D5}.Debug|Any CPU.Build.0 = Debug|Any CPU
		{D1FD87C9-744A-4493-9585-8B3B66F417D5}.Release|Any CPU.ActiveCfg = Release|Any CPU
		{D1FD87C9-744A-4493-9585-8B3B66F417D5}.Release|Any CPU.Build.0 = Release|Any CPU
		{B6ED411D-E088-40D5-A0A2-D368CD289680}.Debug|Any CPU.ActiveCfg = Debug|Any CPU
		{B6ED411D-E088-40D5-A0A2-D368CD289680}.Debug|Any CPU.Build.0 = Debug|Any CPU
		{B6ED411D-E088-40D5-A0A2-D368CD289680}.Release|Any CPU.ActiveCfg = Release|Any CPU
		{B6ED411D-E088-40D5-A0A2-D368CD289680}.Release|Any CPU.Build.0 = Release|Any CPU
		{349391F3-54E0-45EB-B7FC-F46175C24C47}.Debug|Any CPU.ActiveCfg = Debug|Any CPU
		{349391F3-54E0-45EB-B7FC-F46175C24C47}.Debug|Any CPU.Build.0 = Debug|Any CPU
		{349391F3-54E0-45EB-B7FC-F46175C24C47}.Release|Any CPU.ActiveCfg = Release|Any CPU
		{349391F3-54E0-45EB-B7FC-F46175C24C47}.Release|Any CPU.Build.0 = Release|Any CPU
		{5904AD10-0675-413C-9B2A-385889352CCC}.Debug|Any CPU.ActiveCfg = Debug|Any CPU
		{5904AD10-0675-413C-9B2A-385889352CCC}.Debug|Any CPU.Build.0 = Debug|Any CPU
		{5904AD10-0675-413C-9B2A-385889352CCC}.Release|Any CPU.ActiveCfg = Release|Any CPU
		{5904AD10-0675-413C-9B2A-385889352CCC}.Release|Any CPU.Build.0 = Release|Any CPU
		{BAD5A7CF-C745-4815-B34A-AC33EEF48971}.Debug|Any CPU.ActiveCfg = Debug|Any CPU
		{BAD5A7CF-C745-4815-B34A-AC33EEF48971}.Debug|Any CPU.Build.0 = Debug|Any CPU
		{BAD5A7CF-C745-4815-B34A-AC33EEF48971}.Release|Any CPU.ActiveCfg = Release|Any CPU
		{BAD5A7CF-C745-4815-B34A-AC33EEF48971}.Release|Any CPU.Build.0 = Release|Any CPU
		{A0A92D9B-E8DF-46E4-BF92-0890AD0FD882}.Debug|Any CPU.ActiveCfg = Debug|Any CPU
		{A0A92D9B-E8DF-46E4-BF92-0890AD0FD882}.Debug|Any CPU.Build.0 = Debug|Any CPU
		{A0A92D9B-E8DF-46E4-BF92-0890AD0FD882}.Release|Any CPU.ActiveCfg = Release|Any CPU
		{A0A92D9B-E8DF-46E4-BF92-0890AD0FD882}.Release|Any CPU.Build.0 = Release|Any CPU
		{F84D7FB7-7BC8-4B87-AD07-92AF03816BDC}.Debug|Any CPU.ActiveCfg = Debug|Any CPU
		{F84D7FB7-7BC8-4B87-AD07-92AF03816BDC}.Debug|Any CPU.Build.0 = Debug|Any CPU
		{F84D7FB7-7BC8-4B87-AD07-92AF03816BDC}.Release|Any CPU.ActiveCfg = Release|Any CPU
		{F84D7FB7-7BC8-4B87-AD07-92AF03816BDC}.Release|Any CPU.Build.0 = Release|Any CPU
		{2D3579CE-4A9C-49C9-9027-0AF96D4CDB36}.Debug|Any CPU.ActiveCfg = Debug|Any CPU
		{2D3579CE-4A9C-49C9-9027-0AF96D4CDB36}.Debug|Any CPU.Build.0 = Debug|Any CPU
		{2D3579CE-4A9C-49C9-9027-0AF96D4CDB36}.Release|Any CPU.ActiveCfg = Release|Any CPU
		{2D3579CE-4A9C-49C9-9027-0AF96D4CDB36}.Release|Any CPU.Build.0 = Release|Any CPU
		{86786146-46C1-4FE0-B939-BADAF2FCBDF0}.Debug|Any CPU.ActiveCfg = Debug|Any CPU
		{86786146-46C1-4FE0-B939-BADAF2FCBDF0}.Debug|Any CPU.Build.0 = Debug|Any CPU
		{86786146-46C1-4FE0-B939-BADAF2FCBDF0}.Release|Any CPU.ActiveCfg = Release|Any CPU
		{86786146-46C1-4FE0-B939-BADAF2FCBDF0}.Release|Any CPU.Build.0 = Release|Any CPU
		{5066370F-6566-488C-AA6C-87F54F3D5652}.Debug|Any CPU.ActiveCfg = Debug|Any CPU
		{5066370F-6566-488C-AA6C-87F54F3D5652}.Debug|Any CPU.Build.0 = Debug|Any CPU
		{5066370F-6566-488C-AA6C-87F54F3D5652}.Release|Any CPU.ActiveCfg = Release|Any CPU
		{5066370F-6566-488C-AA6C-87F54F3D5652}.Release|Any CPU.Build.0 = Release|Any CPU
		{36AED435-DC4B-45E3-BA3B-72135A61BCF1}.Debug|Any CPU.ActiveCfg = Debug|Any CPU
		{36AED435-DC4B-45E3-BA3B-72135A61BCF1}.Debug|Any CPU.Build.0 = Debug|Any CPU
		{36AED435-DC4B-45E3-BA3B-72135A61BCF1}.Release|Any CPU.ActiveCfg = Release|Any CPU
		{36AED435-DC4B-45E3-BA3B-72135A61BCF1}.Release|Any CPU.Build.0 = Release|Any CPU
		{39225115-5EA0-4D6F-9F7E-7468B6132213}.Debug|Any CPU.ActiveCfg = Debug|Any CPU
		{39225115-5EA0-4D6F-9F7E-7468B6132213}.Debug|Any CPU.Build.0 = Debug|Any CPU
		{39225115-5EA0-4D6F-9F7E-7468B6132213}.Release|Any CPU.ActiveCfg = Release|Any CPU
		{39225115-5EA0-4D6F-9F7E-7468B6132213}.Release|Any CPU.Build.0 = Release|Any CPU
		{8FBEE506-3FAB-4B3A-811F-493322C254F0}.Debug|Any CPU.ActiveCfg = Debug|Any CPU
		{8FBEE506-3FAB-4B3A-811F-493322C254F0}.Debug|Any CPU.Build.0 = Debug|Any CPU
		{8FBEE506-3FAB-4B3A-811F-493322C254F0}.Release|Any CPU.ActiveCfg = Release|Any CPU
		{8FBEE506-3FAB-4B3A-811F-493322C254F0}.Release|Any CPU.Build.0 = Release|Any CPU
		{4CC0764E-3A30-4A22-ABD0-DC230D972FD2}.Debug|Any CPU.ActiveCfg = Debug|Any CPU
		{4CC0764E-3A30-4A22-ABD0-DC230D972FD2}.Debug|Any CPU.Build.0 = Debug|Any CPU
		{4CC0764E-3A30-4A22-ABD0-DC230D972FD2}.Release|Any CPU.ActiveCfg = Release|Any CPU
		{4CC0764E-3A30-4A22-ABD0-DC230D972FD2}.Release|Any CPU.Build.0 = Release|Any CPU
		{A956638E-7E9C-415D-B3BA-6DF26116C97B}.Debug|Any CPU.ActiveCfg = Debug|Any CPU
		{A956638E-7E9C-415D-B3BA-6DF26116C97B}.Debug|Any CPU.Build.0 = Debug|Any CPU
		{A956638E-7E9C-415D-B3BA-6DF26116C97B}.Release|Any CPU.ActiveCfg = Release|Any CPU
		{A956638E-7E9C-415D-B3BA-6DF26116C97B}.Release|Any CPU.Build.0 = Release|Any CPU
		{DAB1CE87-6A87-457C-8ABF-4A1082F61FCA}.Debug|Any CPU.ActiveCfg = Debug|Any CPU
		{DAB1CE87-6A87-457C-8ABF-4A1082F61FCA}.Debug|Any CPU.Build.0 = Debug|Any CPU
		{DAB1CE87-6A87-457C-8ABF-4A1082F61FCA}.Release|Any CPU.ActiveCfg = Release|Any CPU
		{DAB1CE87-6A87-457C-8ABF-4A1082F61FCA}.Release|Any CPU.Build.0 = Release|Any CPU
		{655C712D-38BF-424E-A022-D7956231F999}.Debug|Any CPU.ActiveCfg = Debug|Any CPU
		{655C712D-38BF-424E-A022-D7956231F999}.Debug|Any CPU.Build.0 = Debug|Any CPU
		{655C712D-38BF-424E-A022-D7956231F999}.Release|Any CPU.ActiveCfg = Release|Any CPU
		{655C712D-38BF-424E-A022-D7956231F999}.Release|Any CPU.Build.0 = Release|Any CPU
	EndGlobalSection
	GlobalSection(NestedProjects) = preSolution
		{8340AE37-7CA0-4C77-BDAD-6F2695F1857C} = {A7E83568-1D7D-4E1F-8336-4ACB719B8CD2}
		{14F48421-08B0-40B5-89E7-AEA6471A9DCB} = {8340AE37-7CA0-4C77-BDAD-6F2695F1857C}
		{A83562B5-3A37-49D7-862A-6C5A19AAA8DF} = {8340AE37-7CA0-4C77-BDAD-6F2695F1857C}
		{0DA80F03-5823-408F-B4D1-73771D5C8C9E} = {8340AE37-7CA0-4C77-BDAD-6F2695F1857C}
		{EFD4F38E-5950-47D2-A374-7A6C05EE1961} = {8340AE37-7CA0-4C77-BDAD-6F2695F1857C}
		{9B6CDB6D-4D93-42E7-8298-077951423FF8} = {A7E83568-1D7D-4E1F-8336-4ACB719B8CD2}
		{6055557C-9E48-4A12-B849-9582CCEE6B9E} = {9B6CDB6D-4D93-42E7-8298-077951423FF8}
		{55DC9D84-DF5D-42EB-A946-098E8AA2624C} = {A7E83568-1D7D-4E1F-8336-4ACB719B8CD2}
		{3FC1C776-1376-4409-9D99-373A04C676D4} = {55DC9D84-DF5D-42EB-A946-098E8AA2624C}
		{00B18C58-3DA9-4D12-91A2-BC4F7C1A545A} = {3FC1C776-1376-4409-9D99-373A04C676D4}
		{F2092B1C-A2CD-42AC-950C-28F532161599} = {3FC1C776-1376-4409-9D99-373A04C676D4}
		{D1FD87C9-744A-4493-9585-8B3B66F417D5} = {3FC1C776-1376-4409-9D99-373A04C676D4}
		{B6ED411D-E088-40D5-A0A2-D368CD289680} = {3FC1C776-1376-4409-9D99-373A04C676D4}
		{8241AB74-1EC4-4B7A-AFFD-34E07889C813} = {55DC9D84-DF5D-42EB-A946-098E8AA2624C}
		{349391F3-54E0-45EB-B7FC-F46175C24C47} = {8241AB74-1EC4-4B7A-AFFD-34E07889C813}
		{5904AD10-0675-413C-9B2A-385889352CCC} = {8241AB74-1EC4-4B7A-AFFD-34E07889C813}
		{BAD5A7CF-C745-4815-B34A-AC33EEF48971} = {8241AB74-1EC4-4B7A-AFFD-34E07889C813}
		{A0A92D9B-E8DF-46E4-BF92-0890AD0FD882} = {8241AB74-1EC4-4B7A-AFFD-34E07889C813}
		{921B47F4-094E-48F9-992C-4EEBE0BAED36} = {55DC9D84-DF5D-42EB-A946-098E8AA2624C}
		{F84D7FB7-7BC8-4B87-AD07-92AF03816BDC} = {921B47F4-094E-48F9-992C-4EEBE0BAED36}
		{2D3579CE-4A9C-49C9-9027-0AF96D4CDB36} = {921B47F4-094E-48F9-992C-4EEBE0BAED36}
		{86786146-46C1-4FE0-B939-BADAF2FCBDF0} = {921B47F4-094E-48F9-992C-4EEBE0BAED36}
		{5066370F-6566-488C-AA6C-87F54F3D5652} = {921B47F4-094E-48F9-992C-4EEBE0BAED36}
		{FBE4EDE8-F5C5-4D1C-B4FB-F96D58795BE5} = {908C3ABA-8DBB-4358-BF51-AA630DBBE71D}
		{36AED435-DC4B-45E3-BA3B-72135A61BCF1} = {FBE4EDE8-F5C5-4D1C-B4FB-F96D58795BE5}
		{36B6E9DE-CE4E-4788-83E3-3D350DC0D56F} = {908C3ABA-8DBB-4358-BF51-AA630DBBE71D}
		{A9836219-816C-4303-AB26-A49D96525762} = {36B6E9DE-CE4E-4788-83E3-3D350DC0D56F}
		{39225115-5EA0-4D6F-9F7E-7468B6132213} = {A9836219-816C-4303-AB26-A49D96525762}
		{8FBEE506-3FAB-4B3A-811F-493322C254F0} = {A9836219-816C-4303-AB26-A49D96525762}
		{B56D443B-D595-4F8A-BEE6-AE779BDACE46} = {36B6E9DE-CE4E-4788-83E3-3D350DC0D56F}
		{4CC0764E-3A30-4A22-ABD0-DC230D972FD2} = {B56D443B-D595-4F8A-BEE6-AE779BDACE46}
		{A956638E-7E9C-415D-B3BA-6DF26116C97B} = {B56D443B-D595-4F8A-BEE6-AE779BDACE46}
		{6A47D8C2-B360-4373-A226-BC8E934AFC58} = {36B6E9DE-CE4E-4788-83E3-3D350DC0D56F}
		{DAB1CE87-6A87-457C-8ABF-4A1082F61FCA} = {6A47D8C2-B360-4373-A226-BC8E934AFC58}
		{655C712D-38BF-424E-A022-D7956231F999} = {6A47D8C2-B360-4373-A226-BC8E934AFC58}
	EndGlobalSection
EndGlobal
